
Microsoft Visual Studio Solution File, Format Version 12.00
Project("{F2A71F9B-5D33-465A-A702-920D77279786}") = "Krestia.Parser.Tests", "Krestia.Parser.Tests\Krestia.Parser.Tests.fsproj", "{CE977548-4ED9-4747-B68F-C4A56CF3E1E4}"
EndProject
Project("{FAE04EC0-301F-11D3-BF4B-00C04F79EFBC}") = "Krestia.Lexicon.Tests", "Krestia.Lexicon.Tests\Krestia.Lexicon.Tests.csproj", "{5F02D6B0-8714-45AD-A570-962D9E707442}"
EndProject
Project("{FAE04EC0-301F-11D3-BF4B-00C04F79EFBC}") = "Krestia.Client", "Krestia.Client\Krestia.Client.csproj", "{3F95F4B1-1414-4F6A-9C13-19265C36116D}"
EndProject
Project("{FAE04EC0-301F-11D3-BF4B-00C04F79EFBC}") = "Krestia.Web.Common", "Krestia.Web.Common\Krestia.Web.Common.csproj", "{8DDE5D15-D48D-40BE-A59D-606BCA0FF990}"
EndProject
Project("{FAE04EC0-301F-11D3-BF4B-00C04F79EFBC}") = "Krestia.Functions", "Krestia.Functions\Krestia.Functions.csproj", "{5484B496-1B16-47F4-9D58-D16403330CE8}"
EndProject
Project("{F2A71F9B-5D33-465A-A702-920D77279786}") = "Krestia.Core", "Krestia.Core\Krestia.Core.fsproj", "{43D51420-AFA3-4EFB-9FCD-FAC1D27EA466}"
EndProject
Project("{FAE04EC0-301F-11D3-BF4B-00C04F79EFBC}") = "Krestia.Core.Tests", "Krestia.Core.Tests\Krestia.Core.Tests.csproj", "{4C642D78-30F4-4D6F-85ED-67B05F5717F0}"
EndProject
Global
	GlobalSection(SolutionConfigurationPlatforms) = preSolution
		Debug|Any CPU = Debug|Any CPU
		Release|Any CPU = Release|Any CPU
	EndGlobalSection
	GlobalSection(ProjectConfigurationPlatforms) = postSolution
		{CE977548-4ED9-4747-B68F-C4A56CF3E1E4}.Debug|Any CPU.ActiveCfg = Debug|Any CPU
		{CE977548-4ED9-4747-B68F-C4A56CF3E1E4}.Debug|Any CPU.Build.0 = Debug|Any CPU
		{CE977548-4ED9-4747-B68F-C4A56CF3E1E4}.Release|Any CPU.ActiveCfg = Release|Any CPU
		{CE977548-4ED9-4747-B68F-C4A56CF3E1E4}.Release|Any CPU.Build.0 = Release|Any CPU
		{5F02D6B0-8714-45AD-A570-962D9E707442}.Debug|Any CPU.ActiveCfg = Debug|Any CPU
		{5F02D6B0-8714-45AD-A570-962D9E707442}.Debug|Any CPU.Build.0 = Debug|Any CPU
		{5F02D6B0-8714-45AD-A570-962D9E707442}.Release|Any CPU.ActiveCfg = Release|Any CPU
		{5F02D6B0-8714-45AD-A570-962D9E707442}.Release|Any CPU.Build.0 = Release|Any CPU
		{3F95F4B1-1414-4F6A-9C13-19265C36116D}.Debug|Any CPU.ActiveCfg = Debug|Any CPU
		{3F95F4B1-1414-4F6A-9C13-19265C36116D}.Debug|Any CPU.Build.0 = Debug|Any CPU
		{3F95F4B1-1414-4F6A-9C13-19265C36116D}.Release|Any CPU.ActiveCfg = Release|Any CPU
		{3F95F4B1-1414-4F6A-9C13-19265C36116D}.Release|Any CPU.Build.0 = Release|Any CPU
		{8DDE5D15-D48D-40BE-A59D-606BCA0FF990}.Debug|Any CPU.ActiveCfg = Debug|Any CPU
		{8DDE5D15-D48D-40BE-A59D-606BCA0FF990}.Debug|Any CPU.Build.0 = Debug|Any CPU
		{8DDE5D15-D48D-40BE-A59D-606BCA0FF990}.Release|Any CPU.ActiveCfg = Release|Any CPU
		{8DDE5D15-D48D-40BE-A59D-606BCA0FF990}.Release|Any CPU.Build.0 = Release|Any CPU
		{5484B496-1B16-47F4-9D58-D16403330CE8}.Debug|Any CPU.ActiveCfg = Debug|Any CPU
		{5484B496-1B16-47F4-9D58-D16403330CE8}.Debug|Any CPU.Build.0 = Debug|Any CPU
		{5484B496-1B16-47F4-9D58-D16403330CE8}.Release|Any CPU.ActiveCfg = Release|Any CPU
		{5484B496-1B16-47F4-9D58-D16403330CE8}.Release|Any CPU.Build.0 = Release|Any CPU
		{43D51420-AFA3-4EFB-9FCD-FAC1D27EA466}.Debug|Any CPU.ActiveCfg = Debug|Any CPU
		{43D51420-AFA3-4EFB-9FCD-FAC1D27EA466}.Debug|Any CPU.Build.0 = Debug|Any CPU
		{43D51420-AFA3-4EFB-9FCD-FAC1D27EA466}.Release|Any CPU.ActiveCfg = Release|Any CPU
		{43D51420-AFA3-4EFB-9FCD-FAC1D27EA466}.Release|Any CPU.Build.0 = Release|Any CPU
		{4C642D78-30F4-4D6F-85ED-67B05F5717F0}.Debug|Any CPU.ActiveCfg = Debug|Any CPU
		{4C642D78-30F4-4D6F-85ED-67B05F5717F0}.Debug|Any CPU.Build.0 = Debug|Any CPU
		{4C642D78-30F4-4D6F-85ED-67B05F5717F0}.Release|Any CPU.ActiveCfg = Release|Any CPU
		{4C642D78-30F4-4D6F-85ED-67B05F5717F0}.Release|Any CPU.Build.0 = Release|Any CPU
	EndGlobalSection
EndGlobal
